// !$*UTF8*$!
{
	archiveVersion = 1;
	classes = {
	};
	objectVersion = 46;
	objects = {

/* Begin PBXBuildFile section */
		796051EF1A910D860001F0B7 /* AttachToProcessBreakpointActionEditor.xib in Resources */ = {isa = PBXBuildFile; fileRef = 796051EE1A910D860001F0B7 /* AttachToProcessBreakpointActionEditor.xib */; };
		796051F41A9112C50001F0B7 /* IDEFoundation.framework in Frameworks */ = {isa = PBXBuildFile; fileRef = 796051EC1A910A5E0001F0B7 /* IDEFoundation.framework */; };
		796051F51A9112D40001F0B7 /* AttachToProcessBreakpointAction.m in Sources */ = {isa = PBXBuildFile; fileRef = 796051E81A9103710001F0B7 /* AttachToProcessBreakpointAction.m */; };
		79FD4F8C1A90ED6800B43C63 /* AppKit.framework in Frameworks */ = {isa = PBXBuildFile; fileRef = 79FD4F8B1A90ED6800B43C63 /* AppKit.framework */; };
		79FD4F8E1A90ED6800B43C63 /* Foundation.framework in Frameworks */ = {isa = PBXBuildFile; fileRef = 79FD4F8D1A90ED6800B43C63 /* Foundation.framework */; };
		79FD4F961A90ED6800B43C63 /* AttachToProcessBreakpointActionPlugin.m in Sources */ = {isa = PBXBuildFile; fileRef = 79FD4F951A90ED6800B43C63 /* AttachToProcessBreakpointActionPlugin.m */; };
		79FD4FA51A90F8E900B43C63 /* DVTFoundation.framework in Frameworks */ = {isa = PBXBuildFile; fileRef = 79FD4FA31A90F8E900B43C63 /* DVTFoundation.framework */; };
		79FD4FA61A90F8E900B43C63 /* DVTKit.framework in Frameworks */ = {isa = PBXBuildFile; fileRef = 79FD4FA41A90F8E900B43C63 /* DVTKit.framework */; };
/* End PBXBuildFile section */

/* Begin PBXFileReference section */
		796051E71A9103710001F0B7 /* AttachToProcessBreakpointAction.h */ = {isa = PBXFileReference; fileEncoding = 4; lastKnownFileType = sourcecode.c.h; path = AttachToProcessBreakpointAction.h; sourceTree = "<group>"; };
		796051E81A9103710001F0B7 /* AttachToProcessBreakpointAction.m */ = {isa = PBXFileReference; fileEncoding = 4; lastKnownFileType = sourcecode.c.objc; path = AttachToProcessBreakpointAction.m; sourceTree = "<group>"; };
		796051EB1A9103CD0001F0B7 /* IDEFoundation-subset.h */ = {isa = PBXFileReference; lastKnownFileType = sourcecode.c.h; name = "IDEFoundation-subset.h"; path = "xcode-headers/IDEFoundation-subset.h"; sourceTree = "<group>"; };
		796051EC1A910A5E0001F0B7 /* IDEFoundation.framework */ = {isa = PBXFileReference; lastKnownFileType = wrapper.framework; name = IDEFoundation.framework; path = ../../../../../../Applications/Xcode.app/Contents/Frameworks/IDEFoundation.framework; sourceTree = "<group>"; };
		796051EE1A910D860001F0B7 /* AttachToProcessBreakpointActionEditor.xib */ = {isa = PBXFileReference; fileEncoding = 4; lastKnownFileType = file.xib; path = AttachToProcessBreakpointActionEditor.xib; sourceTree = "<group>"; };
		79FD4F881A90ED6800B43C63 /* AttachToProcessBreakpointAction.xcplugin */ = {isa = PBXFileReference; explicitFileType = wrapper.cfbundle; includeInIndex = 0; path = AttachToProcessBreakpointAction.xcplugin; sourceTree = BUILT_PRODUCTS_DIR; };
		79FD4F8B1A90ED6800B43C63 /* AppKit.framework */ = {isa = PBXFileReference; lastKnownFileType = wrapper.framework; name = AppKit.framework; path = /System/Library/Frameworks/AppKit.framework; sourceTree = "<absolute>"; };
		79FD4F8D1A90ED6800B43C63 /* Foundation.framework */ = {isa = PBXFileReference; lastKnownFileType = wrapper.framework; name = Foundation.framework; path = /System/Library/Frameworks/Foundation.framework; sourceTree = "<absolute>"; };
		79FD4F911A90ED6800B43C63 /* Info.plist */ = {isa = PBXFileReference; lastKnownFileType = text.plist.xml; path = Info.plist; sourceTree = "<group>"; };
		79FD4F921A90ED6800B43C63 /* AttachToProcessBreakpointAction.xcscheme */ = {isa = PBXFileReference; lastKnownFileType = text.xml; name = AttachToProcessBreakpointAction.xcscheme; path = AttachToProcessBreakpointAction.xcodeproj/xcshareddata/xcschemes/AttachToProcessBreakpointAction.xcscheme; sourceTree = SOURCE_ROOT; };
		79FD4F941A90ED6800B43C63 /* AttachToProcessBreakpointActionPlugin.h */ = {isa = PBXFileReference; lastKnownFileType = sourcecode.c.h; path = AttachToProcessBreakpointActionPlugin.h; sourceTree = "<group>"; };
		79FD4F951A90ED6800B43C63 /* AttachToProcessBreakpointActionPlugin.m */ = {isa = PBXFileReference; lastKnownFileType = sourcecode.c.objc; path = AttachToProcessBreakpointActionPlugin.m; sourceTree = "<group>"; };
		79FD4F9C1A90EE4E00B43C63 /* DebuggerUI.h */ = {isa = PBXFileReference; fileEncoding = 4; lastKnownFileType = sourcecode.c.h; name = DebuggerUI.h; path = "xcode-headers/DebuggerUI.h"; sourceTree = "<group>"; };
		79FD4F9D1A90EE4E00B43C63 /* DVTFoundation.h */ = {isa = PBXFileReference; fileEncoding = 4; lastKnownFileType = sourcecode.c.h; name = DVTFoundation.h; path = "xcode-headers/DVTFoundation.h"; sourceTree = "<group>"; };
		79FD4F9E1A90EE4E00B43C63 /* IDEFoundation.h */ = {isa = PBXFileReference; fileEncoding = 4; lastKnownFileType = sourcecode.c.h; name = IDEFoundation.h; path = "xcode-headers/IDEFoundation.h"; sourceTree = "<group>"; };
		79FD4F9F1A90EE4E00B43C63 /* IDEKit.h */ = {isa = PBXFileReference; fileEncoding = 4; lastKnownFileType = sourcecode.c.h; name = IDEKit.h; path = "xcode-headers/IDEKit.h"; sourceTree = "<group>"; };
		79FD4FA11A90F7B500B43C63 /* DVTFoundation-subset.h */ = {isa = PBXFileReference; lastKnownFileType = sourcecode.c.h; name = "DVTFoundation-subset.h"; path = "xcode-headers/DVTFoundation-subset.h"; sourceTree = "<group>"; };
		79FD4FA31A90F8E900B43C63 /* DVTFoundation.framework */ = {isa = PBXFileReference; lastKnownFileType = wrapper.framework; name = DVTFoundation.framework; path = ../../../../../../Applications/Xcode.app/Contents/SharedFrameworks/DVTFoundation.framework; sourceTree = "<group>"; };
		79FD4FA41A90F8E900B43C63 /* DVTKit.framework */ = {isa = PBXFileReference; lastKnownFileType = wrapper.framework; name = DVTKit.framework; path = ../../../../../../Applications/Xcode.app/Contents/SharedFrameworks/DVTKit.framework; sourceTree = "<group>"; };
/* End PBXFileReference section */

/* Begin PBXFrameworksBuildPhase section */
		79FD4F861A90ED6800B43C63 /* Frameworks */ = {
			isa = PBXFrameworksBuildPhase;
			buildActionMask = 2147483647;
			files = (
				79FD4F8C1A90ED6800B43C63 /* AppKit.framework in Frameworks */,
				79FD4F8E1A90ED6800B43C63 /* Foundation.framework in Frameworks */,
				79FD4FA51A90F8E900B43C63 /* DVTFoundation.framework in Frameworks */,
				79FD4FA61A90F8E900B43C63 /* DVTKit.framework in Frameworks */,
				796051F41A9112C50001F0B7 /* IDEFoundation.framework in Frameworks */,
			);
			runOnlyForDeploymentPostprocessing = 0;
		};
/* End PBXFrameworksBuildPhase section */

/* Begin PBXGroup section */
		79FD4F7F1A90ED6800B43C63 = {
			isa = PBXGroup;
			children = (
				79FD4F8F1A90ED6800B43C63 /* AttachToProcessBreakpointAction */,
				79FD4F8A1A90ED6800B43C63 /* Frameworks */,
				79FD4F891A90ED6800B43C63 /* Products */,
			);
			sourceTree = "<group>";
		};
		79FD4F891A90ED6800B43C63 /* Products */ = {
			isa = PBXGroup;
			children = (
				79FD4F881A90ED6800B43C63 /* AttachToProcessBreakpointAction.xcplugin */,
			);
			name = Products;
			sourceTree = "<group>";
		};
		79FD4F8A1A90ED6800B43C63 /* Frameworks */ = {
			isa = PBXGroup;
			children = (
				796051EC1A910A5E0001F0B7 /* IDEFoundation.framework */,
				79FD4FA31A90F8E900B43C63 /* DVTFoundation.framework */,
				79FD4FA41A90F8E900B43C63 /* DVTKit.framework */,
				79FD4F8B1A90ED6800B43C63 /* AppKit.framework */,
				79FD4F8D1A90ED6800B43C63 /* Foundation.framework */,
			);
			name = Frameworks;
			sourceTree = "<group>";
		};
		79FD4F8F1A90ED6800B43C63 /* AttachToProcessBreakpointAction */ = {
			isa = PBXGroup;
			children = (
				79FD4FA01A90EE5400B43C63 /* xcode-headers */,
				796051E71A9103710001F0B7 /* AttachToProcessBreakpointAction.h */,
				796051E81A9103710001F0B7 /* AttachToProcessBreakpointAction.m */,
				796051EE1A910D860001F0B7 /* AttachToProcessBreakpointActionEditor.xib */,
				79FD4F941A90ED6800B43C63 /* AttachToProcessBreakpointActionPlugin.h */,
				79FD4F951A90ED6800B43C63 /* AttachToProcessBreakpointActionPlugin.m */,
				79FD4F901A90ED6800B43C63 /* Supporting Files */,
			);
			path = AttachToProcessBreakpointAction;
			sourceTree = "<group>";
		};
		79FD4F901A90ED6800B43C63 /* Supporting Files */ = {
			isa = PBXGroup;
			children = (
				79FD4F911A90ED6800B43C63 /* Info.plist */,
				79FD4F921A90ED6800B43C63 /* AttachToProcessBreakpointAction.xcscheme */,
			);
			name = "Supporting Files";
			sourceTree = "<group>";
		};
		79FD4FA01A90EE5400B43C63 /* xcode-headers */ = {
			isa = PBXGroup;
			children = (
				79FD4F9C1A90EE4E00B43C63 /* DebuggerUI.h */,
				79FD4F9D1A90EE4E00B43C63 /* DVTFoundation.h */,
				79FD4F9E1A90EE4E00B43C63 /* IDEFoundation.h */,
				79FD4F9F1A90EE4E00B43C63 /* IDEKit.h */,
				79FD4FA11A90F7B500B43C63 /* DVTFoundation-subset.h */,
				796051EB1A9103CD0001F0B7 /* IDEFoundation-subset.h */,
			);
			name = "xcode-headers";
			sourceTree = "<group>";
		};
/* End PBXGroup section */

/* Begin PBXNativeTarget section */
		79FD4F871A90ED6800B43C63 /* AttachToProcessBreakpointAction */ = {
			isa = PBXNativeTarget;
			buildConfigurationList = 79FD4F991A90ED6800B43C63 /* Build configuration list for PBXNativeTarget "AttachToProcessBreakpointAction" */;
			buildPhases = (
				79FD4F841A90ED6800B43C63 /* Sources */,
				79FD4F851A90ED6800B43C63 /* Resources */,
				79FD4F861A90ED6800B43C63 /* Frameworks */,
			);
			buildRules = (
			);
			dependencies = (
			);
			name = AttachToProcessBreakpointAction;
			productName = AttachToProcessBreakpointAction;
			productReference = 79FD4F881A90ED6800B43C63 /* AttachToProcessBreakpointAction.xcplugin */;
			productType = "com.apple.product-type.bundle";
		};
/* End PBXNativeTarget section */

/* Begin PBXProject section */
		79FD4F801A90ED6800B43C63 /* Project object */ = {
			isa = PBXProject;
			attributes = {
				LastUpgradeCheck = 0610;
				ORGANIZATIONNAME = mblsha;
				TargetAttributes = {
					79FD4F871A90ED6800B43C63 = {
						CreatedOnToolsVersion = 6.1.1;
					};
				};
			};
			buildConfigurationList = 79FD4F831A90ED6800B43C63 /* Build configuration list for PBXProject "AttachToProcessBreakpointAction" */;
			compatibilityVersion = "Xcode 3.2";
			developmentRegion = English;
			hasScannedForEncodings = 0;
			knownRegions = (
				en,
			);
			mainGroup = 79FD4F7F1A90ED6800B43C63;
			productRefGroup = 79FD4F891A90ED6800B43C63 /* Products */;
			projectDirPath = "";
			projectRoot = "";
			targets = (
				79FD4F871A90ED6800B43C63 /* AttachToProcessBreakpointAction */,
			);
		};
/* End PBXProject section */

/* Begin PBXResourcesBuildPhase section */
		79FD4F851A90ED6800B43C63 /* Resources */ = {
			isa = PBXResourcesBuildPhase;
			buildActionMask = 2147483647;
			files = (
				796051EF1A910D860001F0B7 /* AttachToProcessBreakpointActionEditor.xib in Resources */,
			);
			runOnlyForDeploymentPostprocessing = 0;
		};
/* End PBXResourcesBuildPhase section */

/* Begin PBXSourcesBuildPhase section */
		79FD4F841A90ED6800B43C63 /* Sources */ = {
			isa = PBXSourcesBuildPhase;
			buildActionMask = 2147483647;
			files = (
				796051F51A9112D40001F0B7 /* AttachToProcessBreakpointAction.m in Sources */,
				79FD4F961A90ED6800B43C63 /* AttachToProcessBreakpointActionPlugin.m in Sources */,
			);
			runOnlyForDeploymentPostprocessing = 0;
		};
/* End PBXSourcesBuildPhase section */

/* Begin XCBuildConfiguration section */
		79FD4F971A90ED6800B43C63 /* Debug */ = {
			isa = XCBuildConfiguration;
			buildSettings = {
				ALWAYS_SEARCH_USER_PATHS = NO;
				CLANG_CXX_LANGUAGE_STANDARD = "gnu++0x";
				CLANG_CXX_LIBRARY = "libc++";
				CLANG_ENABLE_MODULES = YES;
				CLANG_ENABLE_OBJC_ARC = YES;
				CLANG_WARN_BOOL_CONVERSION = YES;
				CLANG_WARN_CONSTANT_CONVERSION = YES;
				CLANG_WARN_DIRECT_OBJC_ISA_USAGE = YES_ERROR;
				CLANG_WARN_EMPTY_BODY = YES;
				CLANG_WARN_ENUM_CONVERSION = YES;
				CLANG_WARN_INT_CONVERSION = YES;
				CLANG_WARN_OBJC_ROOT_CLASS = YES_ERROR;
				CLANG_WARN_UNREACHABLE_CODE = YES;
				CLANG_WARN__DUPLICATE_METHOD_MATCH = YES;
				COPY_PHASE_STRIP = NO;
				ENABLE_STRICT_OBJC_MSGSEND = YES;
				GCC_C_LANGUAGE_STANDARD = gnu99;
				GCC_DYNAMIC_NO_PIC = NO;
				GCC_OPTIMIZATION_LEVEL = 0;
				GCC_PREPROCESSOR_DEFINITIONS = (
					"DEBUG=1",
					"$(inherited)",
				);
				GCC_SYMBOLS_PRIVATE_EXTERN = NO;
				GCC_WARN_64_TO_32_BIT_CONVERSION = YES;
				GCC_WARN_ABOUT_RETURN_TYPE = YES_ERROR;
				GCC_WARN_UNDECLARED_SELECTOR = YES;
				GCC_WARN_UNINITIALIZED_AUTOS = YES_AGGRESSIVE;
				GCC_WARN_UNUSED_FUNCTION = YES;
				GCC_WARN_UNUSED_VARIABLE = YES;
				MTL_ENABLE_DEBUG_INFO = YES;
				ONLY_ACTIVE_ARCH = YES;
			};
			name = Debug;
		};
		79FD4F981A90ED6800B43C63 /* Release */ = {
			isa = XCBuildConfiguration;
			buildSettings = {
				ALWAYS_SEARCH_USER_PATHS = NO;
				CLANG_CXX_LANGUAGE_STANDARD = "gnu++0x";
				CLANG_CXX_LIBRARY = "libc++";
				CLANG_ENABLE_MODULES = YES;
				CLANG_ENABLE_OBJC_ARC = YES;
				CLANG_WARN_BOOL_CONVERSION = YES;
				CLANG_WARN_CONSTANT_CONVERSION = YES;
				CLANG_WARN_DIRECT_OBJC_ISA_USAGE = YES_ERROR;
				CLANG_WARN_EMPTY_BODY = YES;
				CLANG_WARN_ENUM_CONVERSION = YES;
				CLANG_WARN_INT_CONVERSION = YES;
				CLANG_WARN_OBJC_ROOT_CLASS = YES_ERROR;
				CLANG_WARN_UNREACHABLE_CODE = YES;
				CLANG_WARN__DUPLICATE_METHOD_MATCH = YES;
				COPY_PHASE_STRIP = YES;
				ENABLE_NS_ASSERTIONS = NO;
				ENABLE_STRICT_OBJC_MSGSEND = YES;
				GCC_C_LANGUAGE_STANDARD = gnu99;
				GCC_WARN_64_TO_32_BIT_CONVERSION = YES;
				GCC_WARN_ABOUT_RETURN_TYPE = YES_ERROR;
				GCC_WARN_UNDECLARED_SELECTOR = YES;
				GCC_WARN_UNINITIALIZED_AUTOS = YES_AGGRESSIVE;
				GCC_WARN_UNUSED_FUNCTION = YES;
				GCC_WARN_UNUSED_VARIABLE = YES;
				MTL_ENABLE_DEBUG_INFO = NO;
			};
			name = Release;
		};
		79FD4F9A1A90ED6800B43C63 /* Debug */ = {
			isa = XCBuildConfiguration;
			buildSettings = {
				COMBINE_HIDPI_IMAGES = YES;
				DEPLOYMENT_LOCATION = YES;
				DSTROOT = "$(HOME)";
				FRAMEWORK_SEARCH_PATHS = (
					"$(inherited)",
					"$(SYSTEM_APPS_DIR)/Xcode.app/Contents/SharedFrameworks",
					"$(SYSTEM_APPS_DIR)/Xcode.app/Contents/Frameworks",
				);
				GCC_TREAT_WARNINGS_AS_ERRORS = YES;
				INFOPLIST_FILE = AttachToProcessBreakpointAction/Info.plist;
				INSTALL_PATH = "/Library/Application Support/Developer/Shared/Xcode/Plug-ins";
				MACOSX_DEPLOYMENT_TARGET = 10.10;
				PRODUCT_NAME = "$(TARGET_NAME)";
				WARNING_CFLAGS = "";
				WRAPPER_EXTENSION = xcplugin;
			};
			name = Debug;
		};
		79FD4F9B1A90ED6800B43C63 /* Release */ = {
			isa = XCBuildConfiguration;
			buildSettings = {
				COMBINE_HIDPI_IMAGES = YES;
				DEPLOYMENT_LOCATION = YES;
				DSTROOT = "$(HOME)";
				FRAMEWORK_SEARCH_PATHS = (
					"$(inherited)",
					"$(SYSTEM_APPS_DIR)/Xcode.app/Contents/SharedFrameworks",
					"$(SYSTEM_APPS_DIR)/Xcode.app/Contents/Frameworks",
				);
				GCC_TREAT_WARNINGS_AS_ERRORS = YES;
				INFOPLIST_FILE = AttachToProcessBreakpointAction/Info.plist;
				INSTALL_PATH = "/Library/Application Support/Developer/Shared/Xcode/Plug-ins";
				MACOSX_DEPLOYMENT_TARGET = 10.10;
				PRODUCT_NAME = "$(TARGET_NAME)";
				WARNING_CFLAGS = "";
				WRAPPER_EXTENSION = xcplugin;
			};
			name = Release;
		};
/* End XCBuildConfiguration section */

/* Begin XCConfigurationList section */
		79FD4F831A90ED6800B43C63 /* Build configuration list for PBXProject "AttachToProcessBreakpointAction" */ = {
			isa = XCConfigurationList;
			buildConfigurations = (
				79FD4F971A90ED6800B43C63 /* Debug */,
				79FD4F981A90ED6800B43C63 /* Release */,
			);
			defaultConfigurationIsVisible = 0;
			defaultConfigurationName = Release;
		};
		79FD4F991A90ED6800B43C63 /* Build configuration list for PBXNativeTarget "AttachToProcessBreakpointAction" */ = {
			isa = XCConfigurationList;
			buildConfigurations = (
				79FD4F9A1A90ED6800B43C63 /* Debug */,
				79FD4F9B1A90ED6800B43C63 /* Release */,
			);
			defaultConfigurationIsVisible = 0;
			defaultConfigurationName = Release;
		};
/* End XCConfigurationList section */
	};
	rootObject = 79FD4F801A90ED6800B43C63 /* Project object */;
}
